
Microsoft Visual Studio Solution File, Format Version 12.00
# Visual Studio 15
Project("{FAE04EC0-301F-11D3-BF4B-00C04F79EFBC}") = "Assembly-CSharp", "Assembly-CSharp.csproj", "{A513D52B-14F9-CA3B-208C-780EF3DA633B}"
EndProject
Global
	GlobalSection(SolutionConfigurationPlatforms) = preSolution
		Debug|Any CPU = Debug|Any CPU
		Release|Any CPU = Release|Any CPU
	EndGlobalSection
	GlobalSection(ProjectConfigurationPlatforms) = postSolution
		{A513D52B-14F9-CA3B-208C-780EF3DA633B}.Debug|Any CPU.ActiveCfg = Debug|Any CPU
		{A513D52B-14F9-CA3B-208C-780EF3DA633B}.Debug|Any CPU.Build.0 = Debug|Any CPU
		{A513D52B-14F9-CA3B-208C-780EF3DA633B}.Release|Any CPU.ActiveCfg = Release|Any CPU
		{A513D52B-14F9-CA3B-208C-780EF3DA633B}.Release|Any CPU.Build.0 = Release|Any CPU
	EndGlobalSection
	GlobalSection(SolutionProperties) = preSolution
		HideSolutionNode = FALSE
	EndGlobalSection
EndGlobal
